<Solution>
  <Folder Name="/OnePointUI.Avalonia/">
    <Project Path="src/OnePointUI.Avalonia/src/OnePointUI.Avalonia/OnePointUI.Avalonia.csproj" />
  </Folder>
  <Folder Name="/SDK/">
    <Project Path="src/Round.SDK/Round.SDK/Round.SDK.csproj" />
  </Folder>
  <Project Path="src/PaperConnect.App/PaperConnect.App.csproj" />
  <Project Path="src/PaperConnect.Core/PaperConnect.Core.csproj" />
  <Project Path="src/PaperConnect.Desktop/PaperConnect.Desktop.csproj" />
</Solution>
